
Microsoft Visual Studio Solution File, Format Version 12.00
# Visual Studio Version 17
VisualStudioVersion = 17.5.002.0
MinimumVisualStudioVersion = 10.0.40219.1
Project("{9A19103F-16F7-4668-BE54-9A1E7A4F7556}") = "Bakery", "Bakery.csproj", "{BBAE5700-BC95-48BC-90FA-F07F1B9EABEC}"
EndProject
Global
	GlobalSection(SolutionConfigurationPlatforms) = preSolution
		Debug|Any CPU = Debug|Any CPU
		Release|Any CPU = Release|Any CPU
	EndGlobalSection
	GlobalSection(ProjectConfigurationPlatforms) = postSolution
		{BBAE5700-BC95-48BC-90FA-F07F1B9EABEC}.Debug|Any CPU.ActiveCfg = Debug|Any CPU
		{BBAE5700-BC95-48BC-90FA-F07F1B9EABEC}.Debug|Any CPU.Build.0 = Debug|Any CPU
		{BBAE5700-BC95-48BC-90FA-F07F1B9EABEC}.Release|Any CPU.ActiveCfg = Release|Any CPU
		{BBAE5700-BC95-48BC-90FA-F07F1B9EABEC}.Release|Any CPU.Build.0 = Release|Any CPU
	EndGlobalSection
	GlobalSection(SolutionProperties) = preSolution
		HideSolutionNode = FALSE
	EndGlobalSection
	GlobalSection(ExtensibilityGlobals) = postSolution
		SolutionGuid = {057B183B-92F0-4D13-93DC-CE2C047BDFB9}
	EndGlobalSection
EndGlobal
